dependencies:
- alias: ""
  condition: ""
  enabled: false
  import-values: null
  name: postgresql
  repository: https://kubernetes-charts.storage.googleapis.com/
  tags: null
  version: 0.7.1
- alias: ""
  condition: ""
  enabled: false
  import-values: null
  name: redis
  repository: https://kubernetes-charts.storage.googleapis.com/
  tags: null
  version: 0.6.0
digest: sha256:d4d1f0703857e44bcf635345a9758d3437700ad09c8fdc4bbff140638f46b37c
generated: 2017-07-05T16:02:13.122533609-04:00
