dependencies:
- name: postgresql
  repository: https://barklyprotects.github.io/charts
  version: 0.8.2-tolerations
- name: redis
  repository: https://kubernetes-charts.storage.googleapis.com/
  version: 0.6.0
digest: sha256:bbb0eabda192015f56e7aaea63c46a8fd5b4d356134f1aed60346289fcd25b49
generated: 2017-08-24T14:50:49.005680206-04:00
