dependencies:
- name: postgresql
  repository: https://barklyprotects.github.io/charts
  version: 0.8.2-tolerations
- name: redis
  repository: https://kubernetes-charts.storage.googleapis.com/
  version: 0.8.0
digest: sha256:43e969821a40834872fda6dbc6a0550c2535e3163343db761def9f7426b10008
generated: 2017-08-24T15:03:48.736271771-04:00
